// !$*UTF8*$!
{
	archiveVersion = 1;
	classes = {
	};
	objectVersion = 77;
	objects = {

/* Begin PBXBuildFile section */
		CF09E58C30223A6D00C993B9 /* WidgetKit.framework in Frameworks */ = {isa = PBXBuildFile; fileRef = CF09E58B30223A6D00C993B9 /* WidgetKit.framework */; };
		CF09E58E30223A6D00C993B9 /* SwiftUI.framework in Frameworks */ = {isa = PBXBuildFile; fileRef = CF09E58D30223A6D00C993B9 /* SwiftUI.framework */; };
		CF09E59D30223A6E00C993B9 /* FlowScopeWidgetExtension.appex in Embed Foundation Extensions */ = {isa = PBXBuildFile; fileRef = CF09E58930223A6D00C993B9 /* FlowScopeWidgetExtension.appex */; settings = {ATTRIBUTES = (RemoveHeadersOnCopy, ); }; };
		CF09E5A430223A6E00C993B9 /* TimerAttributes.swift in Sources */ = {isa = PBXBuildFile; fileRef = CF09E5A530223A6E00C993B9 /* TimerAttributes.swift */; };
		CF09E5A630223A6E00C993B9 /* TimerAttributes.swift in Sources */ = {isa = PBXBuildFile; fileRef = CF09E5A530223A6E00C993B9 /* TimerAttributes.swift */; };
		CF09E5A830223A6E00C993B9 /* SharedStats.swift in Sources */ = {isa = PBXBuildFile; fileRef = CF09E5A930223A6E00C993B9 /* SharedStats.swift */; };
		CF09E5AA30223A6E00C993B9 /* SharedStats.swift in Sources */ = {isa = PBXBuildFile; fileRef = CF09E5A930223A6E00C993B9 /* SharedStats.swift */; };
		CF09E5AC30223A6E00C993B9 /* PendingMoodQueue.swift in Sources */ = {isa = PBXBuildFile; fileRef = CF09E5AB30223A6E00C993B9 /* PendingMoodQueue.swift */; };
		CF09E5AD30223A6E00C993B9 /* PendingMoodQueue.swift in Sources */ = {isa = PBXBuildFile; fileRef = CF09E5AB30223A6E00C993B9 /* PendingMoodQueue.swift */; };
		CF09E5AF30223A6E00C993B9 /* LiveSessionState.swift in Sources */ = {isa = PBXBuildFile; fileRef = CF09E5AE30223A6E00C993B9 /* LiveSessionState.swift */; };
		CF09E5B030223A6E00C993B9 /* LiveSessionState.swift in Sources */ = {isa = PBXBuildFile; fileRef = CF09E5AE30223A6E00C993B9 /* LiveSessionState.swift */; };
		CF09E5B130223A6E00C993B9 /* SharedTheme.swift in Sources */ = {isa = PBXBuildFile; fileRef = CF09E5B230223A6E00C993B9 /* SharedTheme.swift */; };
		CF09E5B330223A6E00C993B9 /* SharedTheme.swift in Sources */ = {isa = PBXBuildFile; fileRef = CF09E5B230223A6E00C993B9 /* SharedTheme.swift */; };
/* End PBXBuildFile section */

/* Begin PBXContainerItemProxy section */
		CF09E59B30223A6E00C993B9 /* PBXContainerItemProxy */ = {
			isa = PBXContainerItemProxy;
			containerPortal = CF09E5173021D71C00C993B9 /* Project object */;
			proxyType = 1;
			remoteGlobalIDString = CF09E58830223A6D00C993B9;
			remoteInfo = FlowScopeWidgetExtension;
		};
/* End PBXContainerItemProxy section */

/* Begin PBXCopyFilesBuildPhase section */
		CF09E5A230223A6E00C993B9 /* Embed Foundation Extensions */ = {
			isa = PBXCopyFilesBuildPhase;
			buildActionMask = 2147483647;
			dstPath = "";
			dstSubfolderSpec = 13;
			files = (
				CF09E59D30223A6E00C993B9 /* FlowScopeWidgetExtension.appex in Embed Foundation Extensions */,
			);
			name = "Embed Foundation Extensions";
			runOnlyForDeploymentPostprocessing = 0;
		};
/* End PBXCopyFilesBuildPhase section */

/* Begin PBXFileReference section */
		CF09E51F3021D71C00C993B9 /* FlowScope.app */ = {isa = PBXFileReference; explicitFileType = wrapper.application; includeInIndex = 0; path = FlowScope.app; sourceTree = BUILT_PRODUCTS_DIR; };
		CF09E58930223A6D00C993B9 /* FlowScopeWidgetExtension.appex */ = {isa = PBXFileReference; explicitFileType = "wrapper.app-extension"; includeInIndex = 0; path = FlowScopeWidgetExtension.appex; sourceTree = BUILT_PRODUCTS_DIR; };
		CF09E58B30223A6D00C993B9 /* WidgetKit.framework */ = {isa = PBXFileReference; lastKnownFileType = wrapper.framework; name = WidgetKit.framework; path = System/Library/Frameworks/WidgetKit.framework; sourceTree = SDKROOT; };
		CF09E58D30223A6D00C993B9 /* SwiftUI.framework */ = {isa = PBXFileReference; lastKnownFileType = wrapper.framework; name = SwiftUI.framework; path = System/Library/Frameworks/SwiftUI.framework; sourceTree = SDKROOT; };
		CF09E5A530223A6E00C993B9 /* TimerAttributes.swift */ = {isa = PBXFileReference; lastKnownFileType = sourcecode.swift; path = TimerAttributes.swift; sourceTree = "<group>"; };
		CF09E5A930223A6E00C993B9 /* SharedStats.swift */ = {isa = PBXFileReference; lastKnownFileType = sourcecode.swift; path = SharedStats.swift; sourceTree = "<group>"; };
		CF09E5AB30223A6E00C993B9 /* PendingMoodQueue.swift */ = {isa = PBXFileReference; lastKnownFileType = sourcecode.swift; path = PendingMoodQueue.swift; sourceTree = "<group>"; };
		CF09E5AE30223A6E00C993B9 /* LiveSessionState.swift */ = {isa = PBXFileReference; lastKnownFileType = sourcecode.swift; path = LiveSessionState.swift; sourceTree = "<group>"; };
		CF09E5B230223A6E00C993B9 /* SharedTheme.swift */ = {isa = PBXFileReference; lastKnownFileType = sourcecode.swift; path = SharedTheme.swift; sourceTree = "<group>"; };
/* End PBXFileReference section */

/* Begin PBXFileSystemSynchronizedBuildFileExceptionSet section */
		CF09E5A330223A6E00C993B9 /* Exceptions for "FlowScopeWidget" folder in "FlowScopeWidgetExtension" target */ = {
			isa = PBXFileSystemSynchronizedBuildFileExceptionSet;
			membershipExceptions = (
				Info.plist,
			);
			target = CF09E58830223A6D00C993B9 /* FlowScopeWidgetExtension */;
		};
/* End PBXFileSystemSynchronizedBuildFileExceptionSet section */

/* Begin PBXFileSystemSynchronizedRootGroup section */
		CF09E5213021D71C00C993B9 /* FlowScope */ = {
			isa = PBXFileSystemSynchronizedRootGroup;
			path = FlowScope;
			sourceTree = "<group>";
		};
		CF09E57A3021E47700C993B9 /* FlowScopeWidget */ = {
			isa = PBXFileSystemSynchronizedRootGroup;
			exceptions = (
				CF09E5A330223A6E00C993B9 /* Exceptions for "FlowScopeWidget" folder in "FlowScopeWidgetExtension" target */,
			);
			path = FlowScopeWidget;
			sourceTree = "<group>";
		};
/* End PBXFileSystemSynchronizedRootGroup section */

/* Begin PBXFrameworksBuildPhase section */
		CF09E51C3021D71C00C993B9 /* Frameworks */ = {
			isa = PBXFrameworksBuildPhase;
			buildActionMask = 2147483647;
			files = (
			);
			runOnlyForDeploymentPostprocessing = 0;
		};
		CF09E58630223A6D00C993B9 /* Frameworks */ = {
			isa = PBXFrameworksBuildPhase;
			buildActionMask = 2147483647;
			files = (
				CF09E58E30223A6D00C993B9 /* SwiftUI.framework in Frameworks */,
				CF09E58C30223A6D00C993B9 /* WidgetKit.framework in Frameworks */,
			);
			runOnlyForDeploymentPostprocessing = 0;
		};
/* End PBXFrameworksBuildPhase section */

/* Begin PBXGroup section */
		CF09E5163021D71C00C993B9 = {
			isa = PBXGroup;
			children = (
				CF09E5A730223A6E00C993B9 /* Shared */,
				CF09E57A3021E47700C993B9 /* FlowScopeWidget */,
				CF09E5213021D71C00C993B9 /* FlowScope */,
				CF09E58A30223A6D00C993B9 /* Frameworks */,
				CF09E5203021D71C00C993B9 /* Products */,
			);
			sourceTree = "<group>";
		};
		CF09E5203021D71C00C993B9 /* Products */ = {
			isa = PBXGroup;
			children = (
				CF09E51F3021D71C00C993B9 /* FlowScope.app */,
				CF09E58930223A6D00C993B9 /* FlowScopeWidgetExtension.appex */,
			);
			name = Products;
			sourceTree = "<group>";
		};
		CF09E58A30223A6D00C993B9 /* Frameworks */ = {
			isa = PBXGroup;
			children = (
				CF09E58B30223A6D00C993B9 /* WidgetKit.framework */,
				CF09E58D30223A6D00C993B9 /* SwiftUI.framework */,
			);
			name = Frameworks;
			sourceTree = "<group>";
		};
		CF09E5A730223A6E00C993B9 /* Shared */ = {
			isa = PBXGroup;
			children = (
				CF09E5A530223A6E00C993B9 /* TimerAttributes.swift */,
				CF09E5A930223A6E00C993B9 /* SharedStats.swift */,
				CF09E5AB30223A6E00C993B9 /* PendingMoodQueue.swift */,
				CF09E5AE30223A6E00C993B9 /* LiveSessionState.swift */,
				CF09E5B230223A6E00C993B9 /* SharedTheme.swift */,
			);
			path = Shared;
			sourceTree = "<group>";
		};
/* End PBXGroup section */

/* Begin PBXNativeTarget section */
		CF09E51E3021D71C00C993B9 /* FlowScope */ = {
			isa = PBXNativeTarget;
			buildConfigurationList = CF09E52A3021D71D00C993B9 /* Build configuration list for PBXNativeTarget "FlowScope" */;
			buildPhases = (
				CF09E51B3021D71C00C993B9 /* Sources */,
				CF09E51C3021D71C00C993B9 /* Frameworks */,
				CF09E51D3021D71C00C993B9 /* Resources */,
				CF09E5A230223A6E00C993B9 /* Embed Foundation Extensions */,
			);
			buildRules = (
			);
			dependencies = (
				CF09E59C30223A6E00C993B9 /* PBXTargetDependency */,
			);
			fileSystemSynchronizedGroups = (
				CF09E5213021D71C00C993B9 /* FlowScope */,
			);
			name = FlowScope;
			packageProductDependencies = (
			);
			productName = FlowScope;
			productReference = CF09E51F3021D71C00C993B9 /* FlowScope.app */;
			productType = "com.apple.product-type.application";
		};
		CF09E58830223A6D00C993B9 /* FlowScopeWidgetExtension */ = {
			isa = PBXNativeTarget;
			buildConfigurationList = CF09E59F30223A6E00C993B9 /* Build configuration list for PBXNativeTarget "FlowScopeWidgetExtension" */;
			buildPhases = (
				CF09E58530223A6D00C993B9 /* Sources */,
				CF09E58630223A6D00C993B9 /* Frameworks */,
				CF09E58730223A6D00C993B9 /* Resources */,
			);
			buildRules = (
			);
			dependencies = (
			);
			fileSystemSynchronizedGroups = (
				CF09E57A3021E47700C993B9 /* FlowScopeWidget */,
			);
			name = FlowScopeWidgetExtension;
			packageProductDependencies = (
			);
			productName = FlowScopeWidgetExtension;
			productReference = CF09E58930223A6D00C993B9 /* FlowScopeWidgetExtension.appex */;
			productType = "com.apple.product-type.app-extension";
		};
/* End PBXNativeTarget section */

/* Begin PBXProject section */
		CF09E5173021D71C00C993B9 /* Project object */ = {
			isa = PBXProject;
			attributes = {
				BuildIndependentTargetsInParallel = 1;
				LastSwiftUpdateCheck = 2660;
				LastUpgradeCheck = 2660;
				TargetAttributes = {
					CF09E51E3021D71C00C993B9 = {
						CreatedOnToolsVersion = 26.6;
						LastSwiftMigration = 2660;
					};
					CF09E58830223A6D00C993B9 = {
						CreatedOnToolsVersion = 26.6;
					};
				};
			};
			buildConfigurationList = CF09E51A3021D71C00C993B9 /* Build configuration list for PBXProject "FlowScope" */;
			developmentRegion = en;
			hasScannedForEncodings = 0;
			knownRegions = (
				en,
				Base,
			);
			mainGroup = CF09E5163021D71C00C993B9;
			minimizedProjectReferenceProxies = 1;
			preferredProjectObjectVersion = 77;
			productRefGroup = CF09E5203021D71C00C993B9 /* Products */;
			projectDirPath = "";
			projectRoot = "";
			targets = (
				CF09E51E3021D71C00C993B9 /* FlowScope */,
				CF09E58830223A6D00C993B9 /* FlowScopeWidgetExtension */,
			);
		};
/* End PBXProject section */

/* Begin PBXResourcesBuildPhase section */
		CF09E51D3021D71C00C993B9 /* Resources */ = {
			isa = PBXResourcesBuildPhase;
			buildActionMask = 2147483647;
			files = (
			);
			runOnlyForDeploymentPostprocessing = 0;
		};
		CF09E58730223A6D00C993B9 /* Resources */ = {
			isa = PBXResourcesBuildPhase;
			buildActionMask = 2147483647;
			files = (
			);
			runOnlyForDeploymentPostprocessing = 0;
		};
/* End PBXResourcesBuildPhase section */

/* Begin PBXSourcesBuildPhase section */
		CF09E51B3021D71C00C993B9 /* Sources */ = {
			isa = PBXSourcesBuildPhase;
			buildActionMask = 2147483647;
			files = (
				CF09E5A430223A6E00C993B9 /* TimerAttributes.swift in Sources */,
				CF09E5A830223A6E00C993B9 /* SharedStats.swift in Sources */,
				CF09E5AC30223A6E00C993B9 /* PendingMoodQueue.swift in Sources */,
				CF09E5AF30223A6E00C993B9 /* LiveSessionState.swift in Sources */,
				CF09E5B130223A6E00C993B9 /* SharedTheme.swift in Sources */,
			);
			runOnlyForDeploymentPostprocessing = 0;
		};
		CF09E58530223A6D00C993B9 /* Sources */ = {
			isa = PBXSourcesBuildPhase;
			buildActionMask = 2147483647;
			files = (
				CF09E5A630223A6E00C993B9 /* TimerAttributes.swift in Sources */,
				CF09E5AA30223A6E00C993B9 /* SharedStats.swift in Sources */,
				CF09E5AD30223A6E00C993B9 /* PendingMoodQueue.swift in Sources */,
				CF09E5B030223A6E00C993B9 /* LiveSessionState.swift in Sources */,
				CF09E5B330223A6E00C993B9 /* SharedTheme.swift in Sources */,
			);
			runOnlyForDeploymentPostprocessing = 0;
		};
/* End PBXSourcesBuildPhase section */

/* Begin PBXTargetDependency section */
		CF09E59C30223A6E00C993B9 /* PBXTargetDependency */ = {
			isa = PBXTargetDependency;
			target = CF09E58830223A6D00C993B9 /* FlowScopeWidgetExtension */;
			targetProxy = CF09E59B30223A6E00C993B9 /* PBXContainerItemProxy */;
		};
/* End PBXTargetDependency section */

/* Begin XCBuildConfiguration section */
		CF09E5283021D71D00C993B9 /* Debug */ = {
			isa = XCBuildConfiguration;
			buildSettings = {
				ALWAYS_SEARCH_USER_PATHS = NO;
				ASSETCATALOG_COMPILER_GENERATE_SWIFT_ASSET_SYMBOL_EXTENSIONS = YES;
				CLANG_ANALYZER_NONNULL = YES;
				CLANG_ANALYZER_NUMBER_OBJECT_CONVERSION = YES_AGGRESSIVE;
				CLANG_CXX_LANGUAGE_STANDARD = "gnu++20";
				CLANG_ENABLE_MODULES = YES;
				CLANG_ENABLE_OBJC_ARC = YES;
				CLANG_ENABLE_OBJC_WEAK = YES;
				CLANG_WARN_BLOCK_CAPTURE_AUTORELEASING = YES;
				CLANG_WARN_BOOL_CONVERSION = YES;
				CLANG_WARN_COMMA = YES;
				CLANG_WARN_CONSTANT_CONVERSION = YES;
				CLANG_WARN_DEPRECATED_OBJC_IMPLEMENTATIONS = YES;
				CLANG_WARN_DIRECT_OBJC_ISA_USAGE = YES_ERROR;
				CLANG_WARN_DOCUMENTATION_COMMENTS = YES;
				CLANG_WARN_EMPTY_BODY = YES;
				CLANG_WARN_ENUM_CONVERSION = YES;
				CLANG_WARN_INFINITE_RECURSION = YES;
				CLANG_WARN_INT_CONVERSION = YES;
				CLANG_WARN_NON_LITERAL_NULL_CONVERSION = YES;
				CLANG_WARN_OBJC_IMPLICIT_RETAIN_SELF = YES;
				CLANG_WARN_OBJC_LITERAL_CONVERSION = YES;
				CLANG_WARN_OBJC_ROOT_CLASS = YES_ERROR;
				CLANG_WARN_QUOTED_INCLUDE_IN_FRAMEWORK_HEADER = YES;
				CLANG_WARN_RANGE_LOOP_ANALYSIS = YES;
				CLANG_WARN_STRICT_PROTOTYPES = YES;
				CLANG_WARN_SUSPICIOUS_MOVE = YES;
				CLANG_WARN_UNGUARDED_AVAILABILITY = YES_AGGRESSIVE;
				CLANG_WARN_UNREACHABLE_CODE = YES;
				CLANG_WARN__DUPLICATE_METHOD_MATCH = YES;
				COPY_PHASE_STRIP = NO;
				DEBUG_INFORMATION_FORMAT = dwarf;
				ENABLE_STRICT_OBJC_MSGSEND = YES;
				ENABLE_TESTABILITY = YES;
				ENABLE_USER_SCRIPT_SANDBOXING = YES;
				GCC_C_LANGUAGE_STANDARD = gnu17;
				GCC_DYNAMIC_NO_PIC = NO;
				GCC_NO_COMMON_BLOCKS = YES;
				GCC_OPTIMIZATION_LEVEL = 0;
				GCC_PREPROCESSOR_DEFINITIONS = (
					"DEBUG=1",
					"$(inherited)",
				);
				GCC_WARN_64_TO_32_BIT_CONVERSION = YES;
				GCC_WARN_ABOUT_RETURN_TYPE = YES_ERROR;
				GCC_WARN_UNDECLARED_SELECTOR = YES;
				GCC_WARN_UNINITIALIZED_AUTOS = YES_AGGRESSIVE;
				GCC_WARN_UNUSED_FUNCTION = YES;
				GCC_WARN_UNUSED_VARIABLE = YES;
				IPHONEOS_DEPLOYMENT_TARGET = 26.5;
				LOCALIZATION_PREFERS_STRING_CATALOGS = YES;
				MTL_ENABLE_DEBUG_INFO = INCLUDE_SOURCE;
				MTL_FAST_MATH = YES;
				ONLY_ACTIVE_ARCH = YES;
				SDKROOT = iphoneos;
				SWIFT_ACTIVE_COMPILATION_CONDITIONS = "DEBUG $(inherited)";
				SWIFT_OPTIMIZATION_LEVEL = "-Onone";
			};
			name = Debug;
		};
		CF09E5293021D71D00C993B9 /* Release */ = {
			isa = XCBuildConfiguration;
			buildSettings = {
				ALWAYS_SEARCH_USER_PATHS = NO;
				ASSETCATALOG_COMPILER_GENERATE_SWIFT_ASSET_SYMBOL_EXTENSIONS = YES;
				CLANG_ANALYZER_NONNULL = YES;
				CLANG_ANALYZER_NUMBER_OBJECT_CONVERSION = YES_AGGRESSIVE;
				CLANG_CXX_LANGUAGE_STANDARD = "gnu++20";
				CLANG_ENABLE_MODULES = YES;
				CLANG_ENABLE_OBJC_ARC = YES;
				CLANG_ENABLE_OBJC_WEAK = YES;
				CLANG_WARN_BLOCK_CAPTURE_AUTORELEASING = YES;
				CLANG_WARN_BOOL_CONVERSION = YES;
				CLANG_WARN_COMMA = YES;
				CLANG_WARN_CONSTANT_CONVERSION = YES;
				CLANG_WARN_DEPRECATED_OBJC_IMPLEMENTATIONS = YES;
				CLANG_WARN_DIRECT_OBJC_ISA_USAGE = YES_ERROR;
				CLANG_WARN_DOCUMENTATION_COMMENTS = YES;
				CLANG_WARN_EMPTY_BODY = YES;
				CLANG_WARN_ENUM_CONVERSION = YES;
				CLANG_WARN_INFINITE_RECURSION = YES;
				CLANG_WARN_INT_CONVERSION = YES;
				CLANG_WARN_NON_LITERAL_NULL_CONVERSION = YES;
				CLANG_WARN_OBJC_IMPLICIT_RETAIN_SELF = YES;
				CLANG_WARN_OBJC_LITERAL_CONVERSION = YES;
				CLANG_WARN_OBJC_ROOT_CLASS = YES_ERROR;
				CLANG_WARN_QUOTED_INCLUDE_IN_FRAMEWORK_HEADER = YES;
				CLANG_WARN_RANGE_LOOP_ANALYSIS = YES;
				CLANG_WARN_STRICT_PROTOTYPES = YES;
				CLANG_WARN_SUSPICIOUS_MOVE = YES;
				CLANG_WARN_UNGUARDED_AVAILABILITY = YES_AGGRESSIVE;
				CLANG_WARN_UNREACHABLE_CODE = YES;
				CLANG_WARN__DUPLICATE_METHOD_MATCH = YES;
				COPY_PHASE_STRIP = NO;
				DEBUG_INFORMATION_FORMAT = "dwarf-with-dsym";
				ENABLE_NS_ASSERTIONS = NO;
				ENABLE_STRICT_OBJC_MSGSEND = YES;
				ENABLE_USER_SCRIPT_SANDBOXING = YES;
				GCC_C_LANGUAGE_STANDARD = gnu17;
				GCC_NO_COMMON_BLOCKS = YES;
				GCC_WARN_64_TO_32_BIT_CONVERSION = YES;
				GCC_WARN_ABOUT_RETURN_TYPE = YES_ERROR;
				GCC_WARN_UNDECLARED_SELECTOR = YES;
				GCC_WARN_UNINITIALIZED_AUTOS = YES_AGGRESSIVE;
				GCC_WARN_UNUSED_FUNCTION = YES;
				GCC_WARN_UNUSED_VARIABLE = YES;
				IPHONEOS_DEPLOYMENT_TARGET = 26.5;
				LOCALIZATION_PREFERS_STRING_CATALOGS = YES;
				MTL_ENABLE_DEBUG_INFO = NO;
				MTL_FAST_MATH = YES;
				SDKROOT = iphoneos;
				SWIFT_COMPILATION_MODE = wholemodule;
				VALIDATE_PRODUCT = YES;
			};
			name = Release;
		};
		CF09E52B3021D71D00C993B9 /* Debug */ = {
			isa = XCBuildConfiguration;
			buildSettings = {
				ASSETCATALOG_COMPILER_APPICON_NAME = AppIcon;
				ASSETCATALOG_COMPILER_GLOBAL_ACCENT_COLOR_NAME = AccentColor;
				CLANG_ENABLE_MODULES = YES;
				CODE_SIGN_ENTITLEMENTS = FlowScope/App/FlowScope.entitlements;
				CODE_SIGN_STYLE = Automatic;
				CURRENT_PROJECT_VERSION = 1;
				DEVELOPMENT_TEAM = CCWL958KP6;
				ENABLE_PREVIEWS = YES;
				GENERATE_INFOPLIST_FILE = YES;
				INFOPLIST_KEY_NSSupportsLiveActivities = YES;
				INFOPLIST_KEY_NSSupportsLiveActivitiesFrequentUpdates = YES;
				INFOPLIST_KEY_UIApplicationSceneManifest_Generation = YES;
				INFOPLIST_KEY_UIApplicationSupportsIndirectInputEvents = YES;
				INFOPLIST_KEY_UILaunchScreen_Generation = YES;
				INFOPLIST_KEY_UISupportedInterfaceOrientations_iPad = "UIInterfaceOrientationPortrait UIInterfaceOrientationPortraitUpsideDown UIInterfaceOrientationLandscapeLeft UIInterfaceOrientationLandscapeRight";
				INFOPLIST_KEY_UISupportedInterfaceOrientations_iPhone = "UIInterfaceOrientationPortrait UIInterfaceOrientationLandscapeLeft UIInterfaceOrientationLandscapeRight";
				LD_RUNPATH_SEARCH_PATHS = (
					"$(inherited)",
					"@executable_path/Frameworks",
				);
				MARKETING_VERSION = 1.0;
				PRODUCT_BUNDLE_IDENTIFIER = mtk.FlowScope;
				PRODUCT_NAME = "$(TARGET_NAME)";
				STRING_CATALOG_GENERATE_SYMBOLS = YES;
				SWIFT_EMIT_LOC_STRINGS = YES;
				SWIFT_OPTIMIZATION_LEVEL = "-Onone";
				SWIFT_UPCOMING_FEATURE_MEMBER_IMPORT_VISIBILITY = YES;
				SWIFT_VERSION = 5.0;
				TARGETED_DEVICE_FAMILY = "1,2";
			};
			name = Debug;
		};
		CF09E52C3021D71D00C993B9 /* Release */ = {
			isa = XCBuildConfiguration;
			buildSettings = {
				ASSETCATALOG_COMPILER_APPICON_NAME = AppIcon;
				ASSETCATALOG_COMPILER_GLOBAL_ACCENT_COLOR_NAME = AccentColor;
				CLANG_ENABLE_MODULES = YES;
				CODE_SIGN_ENTITLEMENTS = FlowScope/App/FlowScope.entitlements;
				CODE_SIGN_STYLE = Automatic;
				CURRENT_PROJECT_VERSION = 1;
				DEVELOPMENT_TEAM = CCWL958KP6;
				ENABLE_PREVIEWS = YES;
				GENERATE_INFOPLIST_FILE = YES;
				INFOPLIST_KEY_NSSupportsLiveActivities = YES;
				INFOPLIST_KEY_NSSupportsLiveActivitiesFrequentUpdates = YES;
				INFOPLIST_KEY_UIApplicationSceneManifest_Generation = YES;
				INFOPLIST_KEY_UIApplicationSupportsIndirectInputEvents = YES;
				INFOPLIST_KEY_UILaunchScreen_Generation = YES;
				INFOPLIST_KEY_UISupportedInterfaceOrientations_iPad = "UIInterfaceOrientationPortrait UIInterfaceOrientationPortraitUpsideDown UIInterfaceOrientationLandscapeLeft UIInterfaceOrientationLandscapeRight";
				INFOPLIST_KEY_UISupportedInterfaceOrientations_iPhone = "UIInterfaceOrientationPortrait UIInterfaceOrientationLandscapeLeft UIInterfaceOrientationLandscapeRight";
				LD_RUNPATH_SEARCH_PATHS = (
					"$(inherited)",
					"@executable_path/Frameworks",
				);
				MARKETING_VERSION = 1.0;
				PRODUCT_BUNDLE_IDENTIFIER = mtk.FlowScope;
				PRODUCT_NAME = "$(TARGET_NAME)";
				STRING_CATALOG_GENERATE_SYMBOLS = YES;
				SWIFT_EMIT_LOC_STRINGS = YES;
				SWIFT_UPCOMING_FEATURE_MEMBER_IMPORT_VISIBILITY = YES;
				SWIFT_VERSION = 5.0;
				TARGETED_DEVICE_FAMILY = "1,2";
			};
			name = Release;
		};
		CF09E5A030223A6E00C993B9 /* Debug */ = {
			isa = XCBuildConfiguration;
			buildSettings = {
				ASSETCATALOG_COMPILER_GLOBAL_ACCENT_COLOR_NAME = AccentColor;
				ASSETCATALOG_COMPILER_WIDGET_BACKGROUND_COLOR_NAME = WidgetBackground;
				CODE_SIGN_ENTITLEMENTS = FlowScopeWidget/FlowScopeWidgetExtension.entitlements;
				CODE_SIGN_STYLE = Automatic;
				CURRENT_PROJECT_VERSION = 1;
				DEVELOPMENT_TEAM = CCWL958KP6;
				GENERATE_INFOPLIST_FILE = YES;
				INFOPLIST_FILE = FlowScopeWidget/Info.plist;
				INFOPLIST_KEY_CFBundleDisplayName = FlowScopeWidget;
				INFOPLIST_KEY_NSHumanReadableCopyright = "";
				LD_RUNPATH_SEARCH_PATHS = (
					"$(inherited)",
					"@executable_path/Frameworks",
					"@executable_path/../../Frameworks",
				);
				MARKETING_VERSION = 1.0;
				PRODUCT_BUNDLE_IDENTIFIER = mtk.FlowScope.FlowScopeWidget;
				PRODUCT_NAME = "$(TARGET_NAME)";
				SKIP_INSTALL = YES;
				STRING_CATALOG_GENERATE_SYMBOLS = YES;
				SWIFT_APPROACHABLE_CONCURRENCY = YES;
				SWIFT_EMIT_LOC_STRINGS = YES;
				SWIFT_UPCOMING_FEATURE_MEMBER_IMPORT_VISIBILITY = YES;
				SWIFT_VERSION = 5.0;
				TARGETED_DEVICE_FAMILY = "1,2";
			};
			name = Debug;
		};
		CF09E5A130223A6E00C993B9 /* Release */ = {
			isa = XCBuildConfiguration;
			buildSettings = {
				ASSETCATALOG_COMPILER_GLOBAL_ACCENT_COLOR_NAME = AccentColor;
				ASSETCATALOG_COMPILER_WIDGET_BACKGROUND_COLOR_NAME = WidgetBackground;
				CODE_SIGN_ENTITLEMENTS = FlowScopeWidget/FlowScopeWidgetExtension.entitlements;
				CODE_SIGN_STYLE = Automatic;
				CURRENT_PROJECT_VERSION = 1;
				DEVELOPMENT_TEAM = CCWL958KP6;
				GENERATE_INFOPLIST_FILE = YES;
				INFOPLIST_FILE = FlowScopeWidget/Info.plist;
				INFOPLIST_KEY_CFBundleDisplayName = FlowScopeWidget;
				INFOPLIST_KEY_NSHumanReadableCopyright = "";
				LD_RUNPATH_SEARCH_PATHS = (
					"$(inherited)",
					"@executable_path/Frameworks",
					"@executable_path/../../Frameworks",
				);
				MARKETING_VERSION = 1.0;
				PRODUCT_BUNDLE_IDENTIFIER = mtk.FlowScope.FlowScopeWidget;
				PRODUCT_NAME = "$(TARGET_NAME)";
				SKIP_INSTALL = YES;
				STRING_CATALOG_GENERATE_SYMBOLS = YES;
				SWIFT_APPROACHABLE_CONCURRENCY = YES;
				SWIFT_EMIT_LOC_STRINGS = YES;
				SWIFT_UPCOMING_FEATURE_MEMBER_IMPORT_VISIBILITY = YES;
				SWIFT_VERSION = 5.0;
				TARGETED_DEVICE_FAMILY = "1,2";
			};
			name = Release;
		};
/* End XCBuildConfiguration section */

/* Begin XCConfigurationList section */
		CF09E51A3021D71C00C993B9 /* Build configuration list for PBXProject "FlowScope" */ = {
			isa = XCConfigurationList;
			buildConfigurations = (
				CF09E5283021D71D00C993B9 /* Debug */,
				CF09E5293021D71D00C993B9 /* Release */,
			);
			defaultConfigurationIsVisible = 0;
			defaultConfigurationName = Release;
		};
		CF09E52A3021D71D00C993B9 /* Build configuration list for PBXNativeTarget "FlowScope" */ = {
			isa = XCConfigurationList;
			buildConfigurations = (
				CF09E52B3021D71D00C993B9 /* Debug */,
				CF09E52C3021D71D00C993B9 /* Release */,
			);
			defaultConfigurationIsVisible = 0;
			defaultConfigurationName = Release;
		};
		CF09E59F30223A6E00C993B9 /* Build configuration list for PBXNativeTarget "FlowScopeWidgetExtension" */ = {
			isa = XCConfigurationList;
			buildConfigurations = (
				CF09E5A030223A6E00C993B9 /* Debug */,
				CF09E5A130223A6E00C993B9 /* Release */,
			);
			defaultConfigurationIsVisible = 0;
			defaultConfigurationName = Release;
		};
/* End XCConfigurationList section */
	};
	rootObject = CF09E5173021D71C00C993B9 /* Project object */;
}
